
Microsoft Visual Studio Solution File, Format Version 12.00
# Visual Studio Version 17
VisualStudioVersion = 17.11.35312.102
MinimumVisualStudioVersion = 10.0.40219.1
Project("{9A19103F-16F7-4668-BE54-9A1E7A4F7556}") = "HouseHero", "HouseHero\HouseHero.csproj", "{8DB6C035-35C9-4E26-9CFF-98686FAD0F61}"
EndProject
Project("{FAE04EC0-301F-11D3-BF4B-00C04F79EFBC}") = "DAL", "DAL\DAL.csproj", "{447C5453-5A1A-45A1-BEDC-D02CE1EC1F1B}"
EndProject
Project("{FAE04EC0-301F-11D3-BF4B-00C04F79EFBC}") = "BLL", "BLL\BLL.csproj", "{1117DB45-C0D7-4838-BFBB-49BDB7B2AE06}"
EndProject
Global
	GlobalSection(SolutionConfigurationPlatforms) = preSolution
		Debug|Any CPU = Debug|Any CPU
		Release|Any CPU = Release|Any CPU
	EndGlobalSection
	GlobalSection(ProjectConfigurationPlatforms) = postSolution
		{8DB6C035-35C9-4E26-9CFF-98686FAD0F61}.Debug|Any CPU.ActiveCfg = Debug|Any CPU
		{8DB6C035-35C9-4E26-9CFF-98686FAD0F61}.Debug|Any CPU.Build.0 = Debug|Any CPU
		{8DB6C035-35C9-4E26-9CFF-98686FAD0F61}.Release|Any CPU.ActiveCfg = Release|Any CPU
		{8DB6C035-35C9-4E26-9CFF-98686FAD0F61}.Release|Any CPU.Build.0 = Release|Any CPU
		{447C5453-5A1A-45A1-BEDC-D02CE1EC1F1B}.Debug|Any CPU.ActiveCfg = Debug|Any CPU
		{447C5453-5A1A-45A1-BEDC-D02CE1EC1F1B}.Debug|Any CPU.Build.0 = Debug|Any CPU
		{447C5453-5A1A-45A1-BEDC-D02CE1EC1F1B}.Release|Any CPU.ActiveCfg = Release|Any CPU
		{447C5453-5A1A-45A1-BEDC-D02CE1EC1F1B}.Release|Any CPU.Build.0 = Release|Any CPU
		{1117DB45-C0D7-4838-BFBB-49BDB7B2AE06}.Debug|Any CPU.ActiveCfg = Debug|Any CPU
		{1117DB45-C0D7-4838-BFBB-49BDB7B2AE06}.Debug|Any CPU.Build.0 = Debug|Any CPU
		{1117DB45-C0D7-4838-BFBB-49BDB7B2AE06}.Release|Any CPU.ActiveCfg = Release|Any CPU
		{1117DB45-C0D7-4838-BFBB-49BDB7B2AE06}.Release|Any CPU.Build.0 = Release|Any CPU
	EndGlobalSection
	GlobalSection(SolutionProperties) = preSolution
		HideSolutionNode = FALSE
	EndGlobalSection
	GlobalSection(ExtensibilityGlobals) = postSolution
		SolutionGuid = {ACB27185-6FFC-495B-ACBF-B39095ED515E}
	EndGlobalSection
EndGlobal
